
Microsoft Visual Studio Solution File, Format Version 12.00
# Visual Studio 2013
VisualStudioVersion = 12.0.31101.0
MinimumVisualStudioVersion = 10.0.40219.1
Project("{F184B08F-C81C-45F6-A57F-5ABD9991F28F}") = "Toolbox", "Toolbox\Toolbox.vbproj", "{29F0D192-5C55-4A03-9683-BCF1EB78EB15}"
EndProject
Project("{F184B08F-C81C-45F6-A57F-5ABD9991F28F}") = "Tab", "Tab\Tab.vbproj", "{84FB5823-3D29-4F17-9A52-1A38E44CA2D8}"
EndProject
Project("{F184B08F-C81C-45F6-A57F-5ABD9991F28F}") = "Menu", "Menu\Menu.vbproj", "{CD4ABBFA-4BD4-4C4A-8A6D-3014B0632123}"
EndProject
Project("{F184B08F-C81C-45F6-A57F-5ABD9991F28F}") = "CacheServer", "..\CacheServer\CacheServer\CacheServer.vbproj", "{DE1AE8A7-EF91-467C-ADD3-024A2B0A4CB5}"
EndProject
Project("{F184B08F-C81C-45F6-A57F-5ABD9991F28F}") = "CacheClient", "..\CacheClient\CacheClient\CacheClient.vbproj", "{67CCC218-3E95-46D1-946F-2758C0FE9884}"
EndProject
Project("{F184B08F-C81C-45F6-A57F-5ABD9991F28F}") = "TCPServerApp", "..\TCPServerApp\TCPServerApp\TCPServerApp.vbproj", "{2E4536D4-78FB-40DC-BC58-6356AACE5116}"
EndProject
Project("{F184B08F-C81C-45F6-A57F-5ABD9991F28F}") = "TCPClientApp", "..\TCPClientApp\TCPClientApp\TCPClientApp.vbproj", "{CF51591C-393C-4CB7-9B33-A874725613ED}"
EndProject
Project("{F184B08F-C81C-45F6-A57F-5ABD9991F28F}") = "Minify", "..\Minify\Minify\Minify.vbproj", "{BCA6A1DC-FB85-4422-B7FF-D0A72DADC301}"
EndProject
Project("{F184B08F-C81C-45F6-A57F-5ABD9991F28F}") = "WebToolbox", "..\WebToolbox\WebToolbox\WebToolbox.vbproj", "{7180E74D-16A2-447E-871D-E4A792E3029B}"
EndProject
Global
	GlobalSection(SolutionConfigurationPlatforms) = preSolution
		Debug|Any CPU = Debug|Any CPU
		Release|Any CPU = Release|Any CPU
	EndGlobalSection
	GlobalSection(ProjectConfigurationPlatforms) = postSolution
		{29F0D192-5C55-4A03-9683-BCF1EB78EB15}.Debug|Any CPU.ActiveCfg = Debug|Any CPU
		{29F0D192-5C55-4A03-9683-BCF1EB78EB15}.Debug|Any CPU.Build.0 = Debug|Any CPU
		{29F0D192-5C55-4A03-9683-BCF1EB78EB15}.Release|Any CPU.ActiveCfg = Release|Any CPU
		{29F0D192-5C55-4A03-9683-BCF1EB78EB15}.Release|Any CPU.Build.0 = Release|Any CPU
		{84FB5823-3D29-4F17-9A52-1A38E44CA2D8}.Debug|Any CPU.ActiveCfg = Debug|Any CPU
		{84FB5823-3D29-4F17-9A52-1A38E44CA2D8}.Debug|Any CPU.Build.0 = Debug|Any CPU
		{84FB5823-3D29-4F17-9A52-1A38E44CA2D8}.Release|Any CPU.ActiveCfg = Release|Any CPU
		{84FB5823-3D29-4F17-9A52-1A38E44CA2D8}.Release|Any CPU.Build.0 = Release|Any CPU
		{CD4ABBFA-4BD4-4C4A-8A6D-3014B0632123}.Debug|Any CPU.ActiveCfg = Debug|Any CPU
		{CD4ABBFA-4BD4-4C4A-8A6D-3014B0632123}.Debug|Any CPU.Build.0 = Debug|Any CPU
		{CD4ABBFA-4BD4-4C4A-8A6D-3014B0632123}.Release|Any CPU.ActiveCfg = Release|Any CPU
		{CD4ABBFA-4BD4-4C4A-8A6D-3014B0632123}.Release|Any CPU.Build.0 = Release|Any CPU
		{DE1AE8A7-EF91-467C-ADD3-024A2B0A4CB5}.Debug|Any CPU.ActiveCfg = Debug|Any CPU
		{DE1AE8A7-EF91-467C-ADD3-024A2B0A4CB5}.Debug|Any CPU.Build.0 = Debug|Any CPU
		{DE1AE8A7-EF91-467C-ADD3-024A2B0A4CB5}.Release|Any CPU.ActiveCfg = Release|Any CPU
		{DE1AE8A7-EF91-467C-ADD3-024A2B0A4CB5}.Release|Any CPU.Build.0 = Release|Any CPU
		{67CCC218-3E95-46D1-946F-2758C0FE9884}.Debug|Any CPU.ActiveCfg = Debug|Any CPU
		{67CCC218-3E95-46D1-946F-2758C0FE9884}.Debug|Any CPU.Build.0 = Debug|Any CPU
		{67CCC218-3E95-46D1-946F-2758C0FE9884}.Release|Any CPU.ActiveCfg = Release|Any CPU
		{67CCC218-3E95-46D1-946F-2758C0FE9884}.Release|Any CPU.Build.0 = Release|Any CPU
		{2E4536D4-78FB-40DC-BC58-6356AACE5116}.Debug|Any CPU.ActiveCfg = Debug|Any CPU
		{2E4536D4-78FB-40DC-BC58-6356AACE5116}.Debug|Any CPU.Build.0 = Debug|Any CPU
		{2E4536D4-78FB-40DC-BC58-6356AACE5116}.Release|Any CPU.ActiveCfg = Release|Any CPU
		{2E4536D4-78FB-40DC-BC58-6356AACE5116}.Release|Any CPU.Build.0 = Release|Any CPU
		{CF51591C-393C-4CB7-9B33-A874725613ED}.Debug|Any CPU.ActiveCfg = Debug|Any CPU
		{CF51591C-393C-4CB7-9B33-A874725613ED}.Debug|Any CPU.Build.0 = Debug|Any CPU
		{CF51591C-393C-4CB7-9B33-A874725613ED}.Release|Any CPU.ActiveCfg = Release|Any CPU
		{CF51591C-393C-4CB7-9B33-A874725613ED}.Release|Any CPU.Build.0 = Release|Any CPU
		{BCA6A1DC-FB85-4422-B7FF-D0A72DADC301}.Debug|Any CPU.ActiveCfg = Debug|Any CPU
		{BCA6A1DC-FB85-4422-B7FF-D0A72DADC301}.Debug|Any CPU.Build.0 = Debug|Any CPU
		{BCA6A1DC-FB85-4422-B7FF-D0A72DADC301}.Release|Any CPU.ActiveCfg = Release|Any CPU
		{BCA6A1DC-FB85-4422-B7FF-D0A72DADC301}.Release|Any CPU.Build.0 = Release|Any CPU
		{7180E74D-16A2-447E-871D-E4A792E3029B}.Debug|Any CPU.ActiveCfg = Debug|Any CPU
		{7180E74D-16A2-447E-871D-E4A792E3029B}.Debug|Any CPU.Build.0 = Debug|Any CPU
		{7180E74D-16A2-447E-871D-E4A792E3029B}.Release|Any CPU.ActiveCfg = Release|Any CPU
		{7180E74D-16A2-447E-871D-E4A792E3029B}.Release|Any CPU.Build.0 = Release|Any CPU
	EndGlobalSection
	GlobalSection(SolutionProperties) = preSolution
		HideSolutionNode = FALSE
	EndGlobalSection
EndGlobal
